Microsoft Visual Studio Solution File, Format Version 12.00
# Visual Studio Version 17
VisualStudioVersion = 17.5.2.0
MinimumVisualStudioVersion = 10.0.40219.1
Project("{FAE04EC0-301F-11D3-BF4B-00C04F79EFBC}") = "INFOP2", "INFOP2\INFOP2.csproj", "{4CB7690F-4283-F5B1-196D-782E775ABEF6}"
EndProject
Global
	GlobalSection(SolutionConfigurationPlatforms) = preSolution
		Debug|Any CPU = Debug|Any CPU
		Release|Any CPU = Release|Any CPU
	EndGlobalSection
	GlobalSection(ProjectConfigurationPlatforms) = postSolution
		{4CB7690F-4283-F5B1-196D-782E775ABEF6}.Debug|Any CPU.ActiveCfg = Debug|Any CPU
		{4CB7690F-4283-F5B1-196D-782E775ABEF6}.Debug|Any CPU.Build.0 = Debug|Any CPU
		{4CB7690F-4283-F5B1-196D-782E775ABEF6}.Release|Any CPU.ActiveCfg = Release|Any CPU
		{4CB7690F-4283-F5B1-196D-782E775ABEF6}.Release|Any CPU.Build.0 = Release|Any CPU
	EndGlobalSection
	GlobalSection(SolutionProperties) = preSolution
		HideSolutionNode = FALSE
	EndGlobalSection
	GlobalSection(ExtensibilityGlobals) = postSolution
		SolutionGuid = {CC2EFE6E-BE05-40A6-818A-1566F569B89D}
	EndGlobalSection
EndGlobal
